# THIS IS AN AUTOGENERATED FILE. DO NOT EDIT THIS FILE DIRECTLY.
# yarn lockfile v1


love-typescript-definitions@^0.22.1:
  version "0.22.1"
  resolved "https://registry.yarnpkg.com/love-typescript-definitions/-/love-typescript-definitions-0.22.1.tgz#37cbe915f44d06b9e898c300211b296cfda3373c"
  integrity sha512-k4hMiCK0s7X/pmT/tBqQfNmYO4vmfaCNUi1v38SNATLMX7jNp4E2XB2UIjaq7z6y1LFc5gAdfBA707xlg0R1rQ==
